{
    "_meta": {
        "hash": {
            "sha256": "b0fe4c020e48370b3a9f250ae07e465ffe44ea05fc11a7c79b1b35ebc504be23"
        },
        "pipfile-spec": 6,
        "requires": {
            "python_version": "3.6"
        },
        "sources": [
            {
                "name": "pypi",
                "url": "https://pypi.org/simple",
                "verify_ssl": true
            }
        ]
    },
    "default": {
        "easyprocess": {
            "hashes": [
                "sha256:94e241cadc9a46f55b5c06000df85618849602e7e1865b8de87576b90a22e61f"
            ],
            "version": "==0.2.3"
        },
        "pyvirtualdisplay": {
            "hashes": [
                "sha256:012883851a992f9c53f0dc6a512765a95cf241bdb734af79e6bdfef95c6e9982"
            ],
            "index": "pypi",
            "version": "==0.2.1"
        },
        "selenium": {
            "hashes": [
                "sha256:6f4c7727d44034b8d635d7cf1c3377f76efc95e192ed5cfb97e0057fe5a92d44",
                "sha256:f35bb209cab740c195276a323c1b750dbcfdb9f6983e7d6e3abba9cd8838f355"
            ],
            "index": "pypi",
            "version": "==3.13.0"
        },
        "xvfbwrapper": {
            "hashes": [
                "sha256:bcf4ae571941b40254faf7a73432dfc119ad21ce688f1fdec533067037ecfc24"
            ],
            "index": "pypi",
            "version": "==0.2.9"
        }
    },
    "develop": {}
}
